
Microsoft Visual Studio Solution File, Format Version 12.00
# Visual Studio Version 17
VisualStudioVersion = 17.5.33502.453
MinimumVisualStudioVersion = 10.0.40219.1
Project("{8BC9CEB8-8B4A-11D0-8D11-00A0C91BC942}") = "MeshDistance", "MeshDistance\MeshDistance.vcxproj", "{374CAF70-2203-44EC-AD5B-591B1B5B9190}"
EndProject
Global
	GlobalSection(SolutionConfigurationPlatforms) = preSolution
		Debug|x64 = Debug|x64
		Debug|x86 = Debug|x86
		Release|x64 = Release|x64
		Release|x86 = Release|x86
	EndGlobalSection
	GlobalSection(ProjectConfigurationPlatforms) = postSolution
		{374CAF70-2203-44EC-AD5B-591B1B5B9190}.Debug|x64.ActiveCfg = Debug|x64
		{374CAF70-2203-44EC-AD5B-591B1B5B9190}.Debug|x64.Build.0 = Debug|x64
		{374CAF70-2203-44EC-AD5B-591B1B5B9190}.Debug|x86.ActiveCfg = Debug|Win32
		{374CAF70-2203-44EC-AD5B-591B1B5B9190}.Debug|x86.Build.0 = Debug|Win32
		{374CAF70-2203-44EC-AD5B-591B1B5B9190}.Release|x64.ActiveCfg = Release|x64
		{374CAF70-2203-44EC-AD5B-591B1B5B9190}.Release|x64.Build.0 = Release|x64
		{374CAF70-2203-44EC-AD5B-591B1B5B9190}.Release|x86.ActiveCfg = Release|Win32
		{374CAF70-2203-44EC-AD5B-591B1B5B9190}.Release|x86.Build.0 = Release|Win32
	EndGlobalSection
	GlobalSection(SolutionProperties) = preSolution
		HideSolutionNode = FALSE
	EndGlobalSection
	GlobalSection(ExtensibilityGlobals) = postSolution
		SolutionGuid = {894CF618-3F1F-43B8-93E6-5830A0CB280F}
	EndGlobalSection
EndGlobal
